
Microsoft Visual Studio Solution File, Format Version 12.00
Project("{FAE04EC0-301F-11D3-BF4B-00C04F79EFBC}") = "Sharp Player", "Sharp Player\Sharp Player.csproj", "{0123AE76-8F8A-43F7-97C4-1C4967BC79B5}"
EndProject
Global
	GlobalSection(SolutionConfigurationPlatforms) = preSolution
		Debug|Any CPU = Debug|Any CPU
		Release|Any CPU = Release|Any CPU
	EndGlobalSection
	GlobalSection(ProjectConfigurationPlatforms) = postSolution
		{0123AE76-8F8A-43F7-97C4-1C4967BC79B5}.Debug|Any CPU.ActiveCfg = Debug|Any CPU
		{0123AE76-8F8A-43F7-97C4-1C4967BC79B5}.Debug|Any CPU.Build.0 = Debug|Any CPU
		{0123AE76-8F8A-43F7-97C4-1C4967BC79B5}.Release|Any CPU.ActiveCfg = Release|Any CPU
		{0123AE76-8F8A-43F7-97C4-1C4967BC79B5}.Release|Any CPU.Build.0 = Release|Any CPU
	EndGlobalSection
EndGlobal
